
Microsoft Visual Studio Solution File, Format Version 12.00
# Visual Studio 15
VisualStudioVersion = 15.0.26114.2
MinimumVisualStudioVersion = 10.0.40219.1
Project("{FAE04EC0-301F-11D3-BF4B-00C04F79EFBC}") = "Serilog.Sinks.MySQL", "src\Serilog.Sinks.MySQL\Serilog.Sinks.MySQL.csproj", "{FC74732C-4199-4D17-B89E-76AB37B71BFC}"
EndProject
Project("{2150E333-8FDC-42A3-9474-1A3956D46DE8}") = "samples", "samples", "{5D20AA90-6969-D8BD-9DCD-8634F4692FDA}"
EndProject
Project("{FAE04EC0-301F-11D3-BF4B-00C04F79EFBC}") = "SmokeTest", "samples\SmokeTest\SmokeTest.csproj", "{FA75896A-D0A6-4E0C-9F90-4C88CDED6188}"
EndProject
Project("{2150E333-8FDC-42A3-9474-1A3956D46DE8}") = "src", "src", "{827E0CD3-B72D-47B6-A68D-7590B98EB39B}"
EndProject
Global
	GlobalSection(SolutionConfigurationPlatforms) = preSolution
		Debug|Any CPU = Debug|Any CPU
		Debug|x64 = Debug|x64
		Debug|x86 = Debug|x86
		Release|Any CPU = Release|Any CPU
		Release|x64 = Release|x64
		Release|x86 = Release|x86
	EndGlobalSection
	GlobalSection(ProjectConfigurationPlatforms) = postSolution
		{FC74732C-4199-4D17-B89E-76AB37B71BFC}.Debug|Any CPU.ActiveCfg = Debug|Any CPU
		{FC74732C-4199-4D17-B89E-76AB37B71BFC}.Debug|Any CPU.Build.0 = Debug|Any CPU
		{FC74732C-4199-4D17-B89E-76AB37B71BFC}.Debug|x64.ActiveCfg = Debug|Any CPU
		{FC74732C-4199-4D17-B89E-76AB37B71BFC}.Debug|x64.Build.0 = Debug|Any CPU
		{FC74732C-4199-4D17-B89E-76AB37B71BFC}.Debug|x86.ActiveCfg = Debug|Any CPU
		{FC74732C-4199-4D17-B89E-76AB37B71BFC}.Debug|x86.Build.0 = Debug|Any CPU
		{FC74732C-4199-4D17-B89E-76AB37B71BFC}.Release|Any CPU.ActiveCfg = Release|Any CPU
		{FC74732C-4199-4D17-B89E-76AB37B71BFC}.Release|Any CPU.Build.0 = Release|Any CPU
		{FC74732C-4199-4D17-B89E-76AB37B71BFC}.Release|x64.ActiveCfg = Release|Any CPU
		{FC74732C-4199-4D17-B89E-76AB37B71BFC}.Release|x64.Build.0 = Release|Any CPU
		{FC74732C-4199-4D17-B89E-76AB37B71BFC}.Release|x86.ActiveCfg = Release|Any CPU
		{FC74732C-4199-4D17-B89E-76AB37B71BFC}.Release|x86.Build.0 = Release|Any CPU
		{FA75896A-D0A6-4E0C-9F90-4C88CDED6188}.Debug|Any CPU.ActiveCfg = Debug|Any CPU
		{FA75896A-D0A6-4E0C-9F90-4C88CDED6188}.Debug|Any CPU.Build.0 = Debug|Any CPU
		{FA75896A-D0A6-4E0C-9F90-4C88CDED6188}.Debug|x64.ActiveCfg = Debug|Any CPU
		{FA75896A-D0A6-4E0C-9F90-4C88CDED6188}.Debug|x64.Build.0 = Debug|Any CPU
		{FA75896A-D0A6-4E0C-9F90-4C88CDED6188}.Debug|x86.ActiveCfg = Debug|Any CPU
		{FA75896A-D0A6-4E0C-9F90-4C88CDED6188}.Debug|x86.Build.0 = Debug|Any CPU
		{FA75896A-D0A6-4E0C-9F90-4C88CDED6188}.Release|Any CPU.ActiveCfg = Release|Any CPU
		{FA75896A-D0A6-4E0C-9F90-4C88CDED6188}.Release|Any CPU.Build.0 = Release|Any CPU
		{FA75896A-D0A6-4E0C-9F90-4C88CDED6188}.Release|x64.ActiveCfg = Release|Any CPU
		{FA75896A-D0A6-4E0C-9F90-4C88CDED6188}.Release|x64.Build.0 = Release|Any CPU
		{FA75896A-D0A6-4E0C-9F90-4C88CDED6188}.Release|x86.ActiveCfg = Release|Any CPU
		{FA75896A-D0A6-4E0C-9F90-4C88CDED6188}.Release|x86.Build.0 = Release|Any CPU
	EndGlobalSection
	GlobalSection(SolutionProperties) = preSolution
		HideSolutionNode = FALSE
	EndGlobalSection
	GlobalSection(NestedProjects) = preSolution
		{FA75896A-D0A6-4E0C-9F90-4C88CDED6188} = {5D20AA90-6969-D8BD-9DCD-8634F4692FDA}
	EndGlobalSection
EndGlobal
